// !$*UTF8*$!
{
	archiveVersion = 1;
	classes = {
	};
	objectVersion = 56;
	objects = {

/* Begin PBXBuildFile section */
		8B0906BD2D67B3B2005B1D77 /* UserInfoVC.swift in Sources */ = {isa = PBXBuildFile; fileRef = 8B0906BC2D67B3B2005B1D77 /* UserInfoVC.swift */; };
		8B0906BF2D67BCF2005B1D77 /* GFError.swift in Sources */ = {isa = PBXBuildFile; fileRef = 8B0906BE2D67BCF2005B1D77 /* GFError.swift */; };
		8B30FDBB2D4976850031228A /* FollowerListVC.swift in Sources */ = {isa = PBXBuildFile; fileRef = 8B30FDBA2D4976850031228A /* FollowerListVC.swift */; };
		8B4E11A02D52AE94000F8C7B /* GFTitleLabel.swift in Sources */ = {isa = PBXBuildFile; fileRef = 8B4E119F2D52AE94000F8C7B /* GFTitleLabel.swift */; };
		8B4E11A22D52AFE6000F8C7B /* GFBodyLabel.swift in Sources */ = {isa = PBXBuildFile; fileRef = 8B4E11A12D52AFE6000F8C7B /* GFBodyLabel.swift */; };
		8B4E11A42D52B0A0000F8C7B /* GFAlertVC.swift in Sources */ = {isa = PBXBuildFile; fileRef = 8B4E11A32D52B0A0000F8C7B /* GFAlertVC.swift */; };
		8B4E11A62D52B5F6000F8C7B /* UIViewController+Ext.swift in Sources */ = {isa = PBXBuildFile; fileRef = 8B4E11A52D52B5F6000F8C7B /* UIViewController+Ext.swift */; };
		8B70B7622D66249F004CB27C /* GFEmptyStateView.swift in Sources */ = {isa = PBXBuildFile; fileRef = 8B70B7612D66249F004CB27C /* GFEmptyStateView.swift */; };
		8B80274A2D5657BD009BB90D /* FollowerCell.swift in Sources */ = {isa = PBXBuildFile; fileRef = 8B8027492D5657BD009BB90D /* FollowerCell.swift */; };
		8B80274C2D565833009BB90D /* GFAvatarImageView.swift in Sources */ = {isa = PBXBuildFile; fileRef = 8B80274B2D565833009BB90D /* GFAvatarImageView.swift */; };
		8B80274E2D590648009BB90D /* UIHelper.swift in Sources */ = {isa = PBXBuildFile; fileRef = 8B80274D2D590648009BB90D /* UIHelper.swift */; };
		8BCA517D2D6B8CBB0007E5D3 /* GFUserInfoVC.swift in Sources */ = {isa = PBXBuildFile; fileRef = 8BCA517C2D6B8CBB0007E5D3 /* GFUserInfoVC.swift */; };
		8BCA517F2D6B8D150007E5D3 /* GFSecondaryTitleLabel.swift in Sources */ = {isa = PBXBuildFile; fileRef = 8BCA517E2D6B8D150007E5D3 /* GFSecondaryTitleLabel.swift */; };
		8BCA51812D6B93D20007E5D3 /* Constants.swift in Sources */ = {isa = PBXBuildFile; fileRef = 8BCA51802D6B93D20007E5D3 /* Constants.swift */; };
		8BCC8BEA2D54131F00289A85 /* Follower.swift in Sources */ = {isa = PBXBuildFile; fileRef = 8BCC8BE92D54131F00289A85 /* Follower.swift */; };
		8BCC8BEC2D5413DE00289A85 /* User.swift in Sources */ = {isa = PBXBuildFile; fileRef = 8BCC8BEB2D5413DE00289A85 /* User.swift */; };
		8BCC8BEF2D541BC700289A85 /* NetworkManager.swift in Sources */ = {isa = PBXBuildFile; fileRef = 8BCC8BEE2D541BC700289A85 /* NetworkManager.swift */; };
		8BD4A9A02D467B5D00797D88 /* AppDelegate.swift in Sources */ = {isa = PBXBuildFile; fileRef = 8BD4A99F2D467B5D00797D88 /* AppDelegate.swift */; };
		8BD4A9A22D467B5D00797D88 /* SceneDelegate.swift in Sources */ = {isa = PBXBuildFile; fileRef = 8BD4A9A12D467B5D00797D88 /* SceneDelegate.swift */; };
		8BD4A9A92D467B5E00797D88 /* Assets.xcassets in Resources */ = {isa = PBXBuildFile; fileRef = 8BD4A9A82D467B5E00797D88 /* Assets.xcassets */; };
		8BD4A9AC2D467B5E00797D88 /* LaunchScreen.storyboard in Resources */ = {isa = PBXBuildFile; fileRef = 8BD4A9AA2D467B5E00797D88 /* LaunchScreen.storyboard */; };
		8BD4A9B42D46894D00797D88 /* SearchVC.swift in Sources */ = {isa = PBXBuildFile; fileRef = 8BD4A9B32D46894D00797D88 /* SearchVC.swift */; };
		8BD4A9B62D46898000797D88 /* FavoritesListVC.swift in Sources */ = {isa = PBXBuildFile; fileRef = 8BD4A9B52D46898000797D88 /* FavoritesListVC.swift */; };
		8BD4A9B82D468F7300797D88 /* GFButton.swift in Sources */ = {isa = PBXBuildFile; fileRef = 8BD4A9B72D468F7300797D88 /* GFButton.swift */; };
		8BD4A9BA2D46921800797D88 /* GFTextField.swift in Sources */ = {isa = PBXBuildFile; fileRef = 8BD4A9B92D46921800797D88 /* GFTextField.swift */; };
/* End PBXBuildFile section */

/* Begin PBXFileReference section */
		8B0906BC2D67B3B2005B1D77 /* UserInfoVC.swift */ = {isa = PBXFileReference; lastKnownFileType = sourcecode.swift; path = UserInfoVC.swift; sourceTree = "<group>"; };
		8B0906BE2D67BCF2005B1D77 /* GFError.swift */ = {isa = PBXFileReference; lastKnownFileType = sourcecode.swift; path = GFError.swift; sourceTree = "<group>"; };
		8B30FDBA2D4976850031228A /* FollowerListVC.swift */ = {isa = PBXFileReference; lastKnownFileType = sourcecode.swift; path = FollowerListVC.swift; sourceTree = "<group>"; };
		8B4E119F2D52AE94000F8C7B /* GFTitleLabel.swift */ = {isa = PBXFileReference; lastKnownFileType = sourcecode.swift; path = GFTitleLabel.swift; sourceTree = "<group>"; };
		8B4E11A12D52AFE6000F8C7B /* GFBodyLabel.swift */ = {isa = PBXFileReference; lastKnownFileType = sourcecode.swift; path = GFBodyLabel.swift; sourceTree = "<group>"; };
		8B4E11A32D52B0A0000F8C7B /* GFAlertVC.swift */ = {isa = PBXFileReference; lastKnownFileType = sourcecode.swift; path = GFAlertVC.swift; sourceTree = "<group>"; };
		8B4E11A52D52B5F6000F8C7B /* UIViewController+Ext.swift */ = {isa = PBXFileReference; lastKnownFileType = sourcecode.swift; path = "UIViewController+Ext.swift"; sourceTree = "<group>"; };
		8B70B7612D66249F004CB27C /* GFEmptyStateView.swift */ = {isa = PBXFileReference; lastKnownFileType = sourcecode.swift; path = GFEmptyStateView.swift; sourceTree = "<group>"; };
		8B8027492D5657BD009BB90D /* FollowerCell.swift */ = {isa = PBXFileReference; lastKnownFileType = sourcecode.swift; path = FollowerCell.swift; sourceTree = "<group>"; };
		8B80274B2D565833009BB90D /* GFAvatarImageView.swift */ = {isa = PBXFileReference; lastKnownFileType = sourcecode.swift; path = GFAvatarImageView.swift; sourceTree = "<group>"; };
		8B80274D2D590648009BB90D /* UIHelper.swift */ = {isa = PBXFileReference; lastKnownFileType = sourcecode.swift; path = UIHelper.swift; sourceTree = "<group>"; };
		8BCA517C2D6B8CBB0007E5D3 /* GFUserInfoVC.swift */ = {isa = PBXFileReference; lastKnownFileType = sourcecode.swift; path = GFUserInfoVC.swift; sourceTree = "<group>"; };
		8BCA517E2D6B8D150007E5D3 /* GFSecondaryTitleLabel.swift */ = {isa = PBXFileReference; lastKnownFileType = sourcecode.swift; path = GFSecondaryTitleLabel.swift; sourceTree = "<group>"; };
		8BCA51802D6B93D20007E5D3 /* Constants.swift */ = {isa = PBXFileReference; lastKnownFileType = sourcecode.swift; path = Constants.swift; sourceTree = "<group>"; };
		8BCC8BE92D54131F00289A85 /* Follower.swift */ = {isa = PBXFileReference; lastKnownFileType = sourcecode.swift; path = Follower.swift; sourceTree = "<group>"; };
		8BCC8BEB2D5413DE00289A85 /* User.swift */ = {isa = PBXFileReference; lastKnownFileType = sourcecode.swift; path = User.swift; sourceTree = "<group>"; };
		8BCC8BEE2D541BC700289A85 /* NetworkManager.swift */ = {isa = PBXFileReference; lastKnownFileType = sourcecode.swift; path = NetworkManager.swift; sourceTree = "<group>"; };
		8BD4A99C2D467B5D00797D88 /* GHFollowers.app */ = {isa = PBXFileReference; explicitFileType = wrapper.application; includeInIndex = 0; path = GHFollowers.app; sourceTree = BUILT_PRODUCTS_DIR; };
		8BD4A99F2D467B5D00797D88 /* AppDelegate.swift */ = {isa = PBXFileReference; lastKnownFileType = sourcecode.swift; path = AppDelegate.swift; sourceTree = "<group>"; };
		8BD4A9A12D467B5D00797D88 /* SceneDelegate.swift */ = {isa = PBXFileReference; lastKnownFileType = sourcecode.swift; path = SceneDelegate.swift; sourceTree = "<group>"; };
		8BD4A9A82D467B5E00797D88 /* Assets.xcassets */ = {isa = PBXFileReference; lastKnownFileType = folder.assetcatalog; path = Assets.xcassets; sourceTree = "<group>"; };
		8BD4A9AB2D467B5E00797D88 /* Base */ = {isa = PBXFileReference; lastKnownFileType = file.storyboard; name = Base; path = Base.lproj/LaunchScreen.storyboard; sourceTree = "<group>"; };
		8BD4A9AD2D467B5E00797D88 /* Info.plist */ = {isa = PBXFileReference; lastKnownFileType = text.plist.xml; path = Info.plist; sourceTree = "<group>"; };
		8BD4A9B32D46894D00797D88 /* SearchVC.swift */ = {isa = PBXFileReference; lastKnownFileType = sourcecode.swift; path = SearchVC.swift; sourceTree = "<group>"; };
		8BD4A9B52D46898000797D88 /* FavoritesListVC.swift */ = {isa = PBXFileReference; lastKnownFileType = sourcecode.swift; path = FavoritesListVC.swift; sourceTree = "<group>"; };
		8BD4A9B72D468F7300797D88 /* GFButton.swift */ = {isa = PBXFileReference; lastKnownFileType = sourcecode.swift; path = GFButton.swift; sourceTree = "<group>"; };
		8BD4A9B92D46921800797D88 /* GFTextField.swift */ = {isa = PBXFileReference; lastKnownFileType = sourcecode.swift; path = GFTextField.swift; sourceTree = "<group>"; };
/* End PBXFileReference section */

/* Begin PBXFrameworksBuildPhase section */
		8BD4A9992D467B5D00797D88 /* Frameworks */ = {
			isa = PBXFrameworksBuildPhase;
			buildActionMask = 2147483647;
			files = (
			);
			runOnlyForDeploymentPostprocessing = 0;
		};
/* End PBXFrameworksBuildPhase section */

/* Begin PBXGroup section */
		8B70B75C2D66242B004CB27C /* Buttons */ = {
			isa = PBXGroup;
			children = (
				8BD4A9B72D468F7300797D88 /* GFButton.swift */,
			);
			path = Buttons;
			sourceTree = "<group>";
		};
		8B70B75D2D662438004CB27C /* TextFields */ = {
			isa = PBXGroup;
			children = (
				8BD4A9B92D46921800797D88 /* GFTextField.swift */,
			);
			path = TextFields;
			sourceTree = "<group>";
		};
		8B70B75E2D662449004CB27C /* Views */ = {
			isa = PBXGroup;
			children = (
				8B4E11A32D52B0A0000F8C7B /* GFAlertVC.swift */,
				8B70B7612D66249F004CB27C /* GFEmptyStateView.swift */,
				8BCA517C2D6B8CBB0007E5D3 /* GFUserInfoVC.swift */,
			);
			path = Views;
			sourceTree = "<group>";
		};
		8B70B75F2D662464004CB27C /* ImageViews */ = {
			isa = PBXGroup;
			children = (
			);
			path = ImageViews;
			sourceTree = "<group>";
		};
		8B70B7602D662478004CB27C /* Labels */ = {
			isa = PBXGroup;
			children = (
				8B4E119F2D52AE94000F8C7B /* GFTitleLabel.swift */,
				8BCA517E2D6B8D150007E5D3 /* GFSecondaryTitleLabel.swift */,
				8B4E11A12D52AFE6000F8C7B /* GFBodyLabel.swift */,
			);
			path = Labels;
			sourceTree = "<group>";
		};
		8B8027482D56579C009BB90D /* Cells */ = {
			isa = PBXGroup;
			children = (
				8B8027492D5657BD009BB90D /* FollowerCell.swift */,
			);
			path = Cells;
			sourceTree = "<group>";
		};
		8BAFA4282D54D0590086248C /* Utilities */ = {
			isa = PBXGroup;
			children = (
				8B0906BE2D67BCF2005B1D77 /* GFError.swift */,
				8B80274D2D590648009BB90D /* UIHelper.swift */,
				8BCA51802D6B93D20007E5D3 /* Constants.swift */,
			);
			path = Utilities;
			sourceTree = "<group>";
		};
		8BCC8BE42D54017C00289A85 /* Screens */ = {
			isa = PBXGroup;
			children = (
				8BD4A9B32D46894D00797D88 /* SearchVC.swift */,
				8BD4A9B52D46898000797D88 /* FavoritesListVC.swift */,
				8B30FDBA2D4976850031228A /* FollowerListVC.swift */,
				8B0906BC2D67B3B2005B1D77 /* UserInfoVC.swift */,
			);
			path = Screens;
			sourceTree = "<group>";
		};
		8BCC8BE52D5401AD00289A85 /* CustomViews */ = {
			isa = PBXGroup;
			children = (
				8B70B7602D662478004CB27C /* Labels */,
				8B70B75F2D662464004CB27C /* ImageViews */,
				8B70B75E2D662449004CB27C /* Views */,
				8B70B75D2D662438004CB27C /* TextFields */,
				8B70B75C2D66242B004CB27C /* Buttons */,
				8B8027482D56579C009BB90D /* Cells */,
				8B80274B2D565833009BB90D /* GFAvatarImageView.swift */,
			);
			path = CustomViews;
			sourceTree = "<group>";
		};
		8BCC8BE62D5401E200289A85 /* Extensions */ = {
			isa = PBXGroup;
			children = (
				8B4E11A52D52B5F6000F8C7B /* UIViewController+Ext.swift */,
			);
			path = Extensions;
			sourceTree = "<group>";
		};
		8BCC8BE72D54024000289A85 /* Support */ = {
			isa = PBXGroup;
			children = (
				8BD4A99F2D467B5D00797D88 /* AppDelegate.swift */,
				8BD4A9A12D467B5D00797D88 /* SceneDelegate.swift */,
			);
			path = Support;
			sourceTree = "<group>";
		};
		8BCC8BE82D54131100289A85 /* Model */ = {
			isa = PBXGroup;
			children = (
				8BCC8BE92D54131F00289A85 /* Follower.swift */,
				8BCC8BEB2D5413DE00289A85 /* User.swift */,
			);
			path = Model;
			sourceTree = "<group>";
		};
		8BCC8BED2D541BB100289A85 /* Managers */ = {
			isa = PBXGroup;
			children = (
				8BCC8BEE2D541BC700289A85 /* NetworkManager.swift */,
			);
			path = Managers;
			sourceTree = "<group>";
		};
		8BD4A9932D467B5D00797D88 = {
			isa = PBXGroup;
			children = (
				8BD4A99E2D467B5D00797D88 /* GHFollowers */,
				8BD4A99D2D467B5D00797D88 /* Products */,
			);
			sourceTree = "<group>";
		};
		8BD4A99D2D467B5D00797D88 /* Products */ = {
			isa = PBXGroup;
			children = (
				8BD4A99C2D467B5D00797D88 /* GHFollowers.app */,
			);
			name = Products;
			sourceTree = "<group>";
		};
		8BD4A99E2D467B5D00797D88 /* GHFollowers */ = {
			isa = PBXGroup;
			children = (
				8BAFA4282D54D0590086248C /* Utilities */,
				8BCC8BED2D541BB100289A85 /* Managers */,
				8BCC8BE82D54131100289A85 /* Model */,
				8BCC8BE72D54024000289A85 /* Support */,
				8BCC8BE62D5401E200289A85 /* Extensions */,
				8BCC8BE52D5401AD00289A85 /* CustomViews */,
				8BCC8BE42D54017C00289A85 /* Screens */,
				8BD4A9A82D467B5E00797D88 /* Assets.xcassets */,
				8BD4A9AA2D467B5E00797D88 /* LaunchScreen.storyboard */,
				8BD4A9AD2D467B5E00797D88 /* Info.plist */,
			);
			path = GHFollowers;
			sourceTree = "<group>";
		};
/* End PBXGroup section */

/* Begin PBXNativeTarget section */
		8BD4A99B2D467B5D00797D88 /* GHFollowers */ = {
			isa = PBXNativeTarget;
			buildConfigurationList = 8BD4A9B02D467B5E00797D88 /* Build configuration list for PBXNativeTarget "GHFollowers" */;
			buildPhases = (
				8BD4A9982D467B5D00797D88 /* Sources */,
				8BD4A9992D467B5D00797D88 /* Frameworks */,
				8BD4A99A2D467B5D00797D88 /* Resources */,
			);
			buildRules = (
			);
			dependencies = (
			);
			name = GHFollowers;
			productName = GHFollowers;
			productReference = 8BD4A99C2D467B5D00797D88 /* GHFollowers.app */;
			productType = "com.apple.product-type.application";
		};
/* End PBXNativeTarget section */

/* Begin PBXProject section */
		8BD4A9942D467B5D00797D88 /* Project object */ = {
			isa = PBXProject;
			attributes = {
				BuildIndependentTargetsInParallel = 1;
				LastSwiftUpdateCheck = 1500;
				LastUpgradeCheck = 1500;
				TargetAttributes = {
					8BD4A99B2D467B5D00797D88 = {
						CreatedOnToolsVersion = 15.0.1;
					};
				};
			};
			buildConfigurationList = 8BD4A9972D467B5D00797D88 /* Build configuration list for PBXProject "GHFollowers" */;
			compatibilityVersion = "Xcode 14.0";
			developmentRegion = en;
			hasScannedForEncodings = 0;
			knownRegions = (
				en,
				Base,
			);
			mainGroup = 8BD4A9932D467B5D00797D88;
			productRefGroup = 8BD4A99D2D467B5D00797D88 /* Products */;
			projectDirPath = "";
			projectRoot = "";
			targets = (
				8BD4A99B2D467B5D00797D88 /* GHFollowers */,
			);
		};
/* End PBXProject section */

/* Begin PBXResourcesBuildPhase section */
		8BD4A99A2D467B5D00797D88 /* Resources */ = {
			isa = PBXResourcesBuildPhase;
			buildActionMask = 2147483647;
			files = (
				8BD4A9AC2D467B5E00797D88 /* LaunchScreen.storyboard in Resources */,
				8BD4A9A92D467B5E00797D88 /* Assets.xcassets in Resources */,
			);
			runOnlyForDeploymentPostprocessing = 0;
		};
/* End PBXResourcesBuildPhase section */

/* Begin PBXSourcesBuildPhase section */
		8BD4A9982D467B5D00797D88 /* Sources */ = {
			isa = PBXSourcesBuildPhase;
			buildActionMask = 2147483647;
			files = (
				8BCC8BEC2D5413DE00289A85 /* User.swift in Sources */,
				8BD4A9BA2D46921800797D88 /* GFTextField.swift in Sources */,
				8BD4A9B62D46898000797D88 /* FavoritesListVC.swift in Sources */,
				8BD4A9B82D468F7300797D88 /* GFButton.swift in Sources */,
				8B4E11A62D52B5F6000F8C7B /* UIViewController+Ext.swift in Sources */,
				8B80274E2D590648009BB90D /* UIHelper.swift in Sources */,
				8BCA51812D6B93D20007E5D3 /* Constants.swift in Sources */,
				8B80274C2D565833009BB90D /* GFAvatarImageView.swift in Sources */,
				8BD4A9B42D46894D00797D88 /* SearchVC.swift in Sources */,
				8B0906BF2D67BCF2005B1D77 /* GFError.swift in Sources */,
				8B4E11A42D52B0A0000F8C7B /* GFAlertVC.swift in Sources */,
				8B80274A2D5657BD009BB90D /* FollowerCell.swift in Sources */,
				8B4E11A22D52AFE6000F8C7B /* GFBodyLabel.swift in Sources */,
				8BCA517D2D6B8CBB0007E5D3 /* GFUserInfoVC.swift in Sources */,
				8BCC8BEA2D54131F00289A85 /* Follower.swift in Sources */,
				8B4E11A02D52AE94000F8C7B /* GFTitleLabel.swift in Sources */,
				8BCA517F2D6B8D150007E5D3 /* GFSecondaryTitleLabel.swift in Sources */,
				8B70B7622D66249F004CB27C /* GFEmptyStateView.swift in Sources */,
				8BCC8BEF2D541BC700289A85 /* NetworkManager.swift in Sources */,
				8B30FDBB2D4976850031228A /* FollowerListVC.swift in Sources */,
				8BD4A9A02D467B5D00797D88 /* AppDelegate.swift in Sources */,
				8BD4A9A22D467B5D00797D88 /* SceneDelegate.swift in Sources */,
				8B0906BD2D67B3B2005B1D77 /* UserInfoVC.swift in Sources */,
			);
			runOnlyForDeploymentPostprocessing = 0;
		};
/* End PBXSourcesBuildPhase section */

/* Begin PBXVariantGroup section */
		8BD4A9AA2D467B5E00797D88 /* LaunchScreen.storyboard */ = {
			isa = PBXVariantGroup;
			children = (
				8BD4A9AB2D467B5E00797D88 /* Base */,
			);
			name = LaunchScreen.storyboard;
			sourceTree = "<group>";
		};
/* End PBXVariantGroup section */

/* Begin XCBuildConfiguration section */
		8BD4A9AE2D467B5E00797D88 /* Debug */ = {
			isa = XCBuildConfiguration;
			buildSettings = {
				ALWAYS_SEARCH_USER_PATHS = NO;
				ASSETCATALOG_COMPILER_GENERATE_SWIFT_ASSET_SYMBOL_EXTENSIONS = YES;
				CLANG_ANALYZER_NONNULL = YES;
				CLANG_ANALYZER_NUMBER_OBJECT_CONVERSION = YES_AGGRESSIVE;
				CLANG_CXX_LANGUAGE_STANDARD = "gnu++20";
				CLANG_ENABLE_MODULES = YES;
				CLANG_ENABLE_OBJC_ARC = YES;
				CLANG_ENABLE_OBJC_WEAK = YES;
				CLANG_WARN_BLOCK_CAPTURE_AUTORELEASING = YES;
				CLANG_WARN_BOOL_CONVERSION = YES;
				CLANG_WARN_COMMA = YES;
				CLANG_WARN_CONSTANT_CONVERSION = YES;
				CLANG_WARN_DEPRECATED_OBJC_IMPLEMENTATIONS = YES;
				CLANG_WARN_DIRECT_OBJC_ISA_USAGE = YES_ERROR;
				CLANG_WARN_DOCUMENTATION_COMMENTS = YES;
				CLANG_WARN_EMPTY_BODY = YES;
				CLANG_WARN_ENUM_CONVERSION = YES;
				CLANG_WARN_INFINITE_RECURSION = YES;
				CLANG_WARN_INT_CONVERSION = YES;
				CLANG_WARN_NON_LITERAL_NULL_CONVERSION = YES;
				CLANG_WARN_OBJC_IMPLICIT_RETAIN_SELF = YES;
				CLANG_WARN_OBJC_LITERAL_CONVERSION = YES;
				CLANG_WARN_OBJC_ROOT_CLASS = YES_ERROR;
				CLANG_WARN_QUOTED_INCLUDE_IN_FRAMEWORK_HEADER = YES;
				CLANG_WARN_RANGE_LOOP_ANALYSIS = YES;
				CLANG_WARN_STRICT_PROTOTYPES = YES;
				CLANG_WARN_SUSPICIOUS_MOVE = YES;
				CLANG_WARN_UNGUARDED_AVAILABILITY = YES_AGGRESSIVE;
				CLANG_WARN_UNREACHABLE_CODE = YES;
				CLANG_WARN__DUPLICATE_METHOD_MATCH = YES;
				COPY_PHASE_STRIP = NO;
				DEBUG_INFORMATION_FORMAT = dwarf;
				ENABLE_STRICT_OBJC_MSGSEND = YES;
				ENABLE_TESTABILITY = YES;
				ENABLE_USER_SCRIPT_SANDBOXING = YES;
				GCC_C_LANGUAGE_STANDARD = gnu17;
				GCC_DYNAMIC_NO_PIC = NO;
				GCC_NO_COMMON_BLOCKS = YES;
				GCC_OPTIMIZATION_LEVEL = 0;
				GCC_PREPROCESSOR_DEFINITIONS = (
					"DEBUG=1",
					"$(inherited)",
				);
				GCC_WARN_64_TO_32_BIT_CONVERSION = YES;
				GCC_WARN_ABOUT_RETURN_TYPE = YES_ERROR;
				GCC_WARN_UNDECLARED_SELECTOR = YES;
				GCC_WARN_UNINITIALIZED_AUTOS = YES_AGGRESSIVE;
				GCC_WARN_UNUSED_FUNCTION = YES;
				GCC_WARN_UNUSED_VARIABLE = YES;
				IPHONEOS_DEPLOYMENT_TARGET = 17.0;
				LOCALIZATION_PREFERS_STRING_CATALOGS = YES;
				MTL_ENABLE_DEBUG_INFO = INCLUDE_SOURCE;
				MTL_FAST_MATH = YES;
				ONLY_ACTIVE_ARCH = YES;
				SDKROOT = iphoneos;
				SWIFT_ACTIVE_COMPILATION_CONDITIONS = "DEBUG $(inherited)";
				SWIFT_OPTIMIZATION_LEVEL = "-Onone";
			};
			name = Debug;
		};
		8BD4A9AF2D467B5E00797D88 /* Release */ = {
			isa = XCBuildConfiguration;
			buildSettings = {
				ALWAYS_SEARCH_USER_PATHS = NO;
				ASSETCATALOG_COMPILER_GENERATE_SWIFT_ASSET_SYMBOL_EXTENSIONS = YES;
				CLANG_ANALYZER_NONNULL = YES;
				CLANG_ANALYZER_NUMBER_OBJECT_CONVERSION = YES_AGGRESSIVE;
				CLANG_CXX_LANGUAGE_STANDARD = "gnu++20";
				CLANG_ENABLE_MODULES = YES;
				CLANG_ENABLE_OBJC_ARC = YES;
				CLANG_ENABLE_OBJC_WEAK = YES;
				CLANG_WARN_BLOCK_CAPTURE_AUTORELEASING = YES;
				CLANG_WARN_BOOL_CONVERSION = YES;
				CLANG_WARN_COMMA = YES;
				CLANG_WARN_CONSTANT_CONVERSION = YES;
				CLANG_WARN_DEPRECATED_OBJC_IMPLEMENTATIONS = YES;
				CLANG_WARN_DIRECT_OBJC_ISA_USAGE = YES_ERROR;
				CLANG_WARN_DOCUMENTATION_COMMENTS = YES;
				CLANG_WARN_EMPTY_BODY = YES;
				CLANG_WARN_ENUM_CONVERSION = YES;
				CLANG_WARN_INFINITE_RECURSION = YES;
				CLANG_WARN_INT_CONVERSION = YES;
				CLANG_WARN_NON_LITERAL_NULL_CONVERSION = YES;
				CLANG_WARN_OBJC_IMPLICIT_RETAIN_SELF = YES;
				CLANG_WARN_OBJC_LITERAL_CONVERSION = YES;
				CLANG_WARN_OBJC_ROOT_CLASS = YES_ERROR;
				CLANG_WARN_QUOTED_INCLUDE_IN_FRAMEWORK_HEADER = YES;
				CLANG_WARN_RANGE_LOOP_ANALYSIS = YES;
				CLANG_WARN_STRICT_PROTOTYPES = YES;
				CLANG_WARN_SUSPICIOUS_MOVE = YES;
				CLANG_WARN_UNGUARDED_AVAILABILITY = YES_AGGRESSIVE;
				CLANG_WARN_UNREACHABLE_CODE = YES;
				CLANG_WARN__DUPLICATE_METHOD_MATCH = YES;
				COPY_PHASE_STRIP = NO;
				DEBUG_INFORMATION_FORMAT = "dwarf-with-dsym";
				ENABLE_NS_ASSERTIONS = NO;
				ENABLE_STRICT_OBJC_MSGSEND = YES;
				ENABLE_USER_SCRIPT_SANDBOXING = YES;
				GCC_C_LANGUAGE_STANDARD = gnu17;
				GCC_NO_COMMON_BLOCKS = YES;
				GCC_WARN_64_TO_32_BIT_CONVERSION = YES;
				GCC_WARN_ABOUT_RETURN_TYPE = YES_ERROR;
				GCC_WARN_UNDECLARED_SELECTOR = YES;
				GCC_WARN_UNINITIALIZED_AUTOS = YES_AGGRESSIVE;
				GCC_WARN_UNUSED_FUNCTION = YES;
				GCC_WARN_UNUSED_VARIABLE = YES;
				IPHONEOS_DEPLOYMENT_TARGET = 17.0;
				LOCALIZATION_PREFERS_STRING_CATALOGS = YES;
				MTL_ENABLE_DEBUG_INFO = NO;
				MTL_FAST_MATH = YES;
				SDKROOT = iphoneos;
				SWIFT_COMPILATION_MODE = wholemodule;
				VALIDATE_PRODUCT = YES;
			};
			name = Release;
		};
		8BD4A9B12D467B5E00797D88 /* Debug */ = {
			isa = XCBuildConfiguration;
			buildSettings = {
				ASSETCATALOG_COMPILER_APPICON_NAME = AppIcon;
				ASSETCATALOG_COMPILER_GLOBAL_ACCENT_COLOR_NAME = AccentColor;
				CODE_SIGN_STYLE = Automatic;
				CURRENT_PROJECT_VERSION = 1;
				DEVELOPMENT_TEAM = B6D6JH974Q;
				GENERATE_INFOPLIST_FILE = YES;
				INFOPLIST_FILE = GHFollowers/Info.plist;
				INFOPLIST_KEY_UIApplicationSupportsIndirectInputEvents = YES;
				INFOPLIST_KEY_UILaunchStoryboardName = LaunchScreen;
				INFOPLIST_KEY_UISupportedInterfaceOrientations_iPad = "UIInterfaceOrientationPortrait UIInterfaceOrientationPortraitUpsideDown UIInterfaceOrientationLandscapeLeft UIInterfaceOrientationLandscapeRight";
				INFOPLIST_KEY_UISupportedInterfaceOrientations_iPhone = "UIInterfaceOrientationPortrait UIInterfaceOrientationLandscapeLeft UIInterfaceOrientationLandscapeRight";
				LD_RUNPATH_SEARCH_PATHS = (
					"$(inherited)",
					"@executable_path/Frameworks",
				);
				MARKETING_VERSION = 1.0;
				PRODUCT_BUNDLE_IDENTIFIER = com.david.GHFollowers;
				PRODUCT_NAME = "$(TARGET_NAME)";
				SWIFT_EMIT_LOC_STRINGS = YES;
				SWIFT_VERSION = 5.0;
				TARGETED_DEVICE_FAMILY = "1,2";
			};
			name = Debug;
		};
		8BD4A9B22D467B5E00797D88 /* Release */ = {
			isa = XCBuildConfiguration;
			buildSettings = {
				ASSETCATALOG_COMPILER_APPICON_NAME = AppIcon;
				ASSETCATALOG_COMPILER_GLOBAL_ACCENT_COLOR_NAME = AccentColor;
				CODE_SIGN_STYLE = Automatic;
				CURRENT_PROJECT_VERSION = 1;
				DEVELOPMENT_TEAM = B6D6JH974Q;
				GENERATE_INFOPLIST_FILE = YES;
				INFOPLIST_FILE = GHFollowers/Info.plist;
				INFOPLIST_KEY_UIApplicationSupportsIndirectInputEvents = YES;
				INFOPLIST_KEY_UILaunchStoryboardName = LaunchScreen;
				INFOPLIST_KEY_UISupportedInterfaceOrientations_iPad = "UIInterfaceOrientationPortrait UIInterfaceOrientationPortraitUpsideDown UIInterfaceOrientationLandscapeLeft UIInterfaceOrientationLandscapeRight";
				INFOPLIST_KEY_UISupportedInterfaceOrientations_iPhone = "UIInterfaceOrientationPortrait UIInterfaceOrientationLandscapeLeft UIInterfaceOrientationLandscapeRight";
				LD_RUNPATH_SEARCH_PATHS = (
					"$(inherited)",
					"@executable_path/Frameworks",
				);
				MARKETING_VERSION = 1.0;
				PRODUCT_BUNDLE_IDENTIFIER = com.david.GHFollowers;
				PRODUCT_NAME = "$(TARGET_NAME)";
				SWIFT_EMIT_LOC_STRINGS = YES;
				SWIFT_VERSION = 5.0;
				TARGETED_DEVICE_FAMILY = "1,2";
			};
			name = Release;
		};
/* End XCBuildConfiguration section */

/* Begin XCConfigurationList section */
		8BD4A9972D467B5D00797D88 /* Build configuration list for PBXProject "GHFollowers" */ = {
			isa = XCConfigurationList;
			buildConfigurations = (
				8BD4A9AE2D467B5E00797D88 /* Debug */,
				8BD4A9AF2D467B5E00797D88 /* Release */,
			);
			defaultConfigurationIsVisible = 0;
			defaultConfigurationName = Release;
		};
		8BD4A9B02D467B5E00797D88 /* Build configuration list for PBXNativeTarget "GHFollowers" */ = {
			isa = XCConfigurationList;
			buildConfigurations = (
				8BD4A9B12D467B5E00797D88 /* Debug */,
				8BD4A9B22D467B5E00797D88 /* Release */,
			);
			defaultConfigurationIsVisible = 0;
			defaultConfigurationName = Release;
		};
/* End XCConfigurationList section */
	};
	rootObject = 8BD4A9942D467B5D00797D88 /* Project object */;
}
